{
  "version": "5",
  "specifiers": {
    "jsr:@std/datetime@0.225": "0.225.5",
    "jsr:@std/fmt@1": "1.0.8",
    "npm:open@^10.1.0": "10.2.0"
  },
  "jsr": {
    "@std/datetime@0.225.5": {
      "integrity": "9f650f6caec546b80172e95a4edb8478d5fe060c4c937f7ede242ffceab6efc9"
    },
    "@std/fmt@1.0.8": {
      "integrity": "71e1fc498787e4434d213647a6e43e794af4fd393ef8f52062246e06f7e372b7"
    }
  },
  "npm": {
    "bundle-name@4.1.0": {
      "integrity": "sha512-tjwM5exMg6BGRI+kNmTntNsvdZS1X8BFYS6tnJ2hdH0kVxM6/eVZ2xy+FqStSWvYmtfFMDLIxurorHwDKfDz5Q==",
      "dependencies": [
        "run-applescript"
      ],
      "tarball": "https://registry.npmmirror.com/bundle-name/-/bundle-name-4.1.0.tgz"
    },
    "default-browser-id@5.0.0": {
      "integrity": "sha512-A6p/pu/6fyBcA1TRz/GqWYPViplrftcW2gZC9q79ngNCKAeR/X3gcEdXQHl4KNXV+3wgIJ1CPkJQ3IHM6lcsyA==",
      "tarball": "https://registry.npmmirror.com/default-browser-id/-/default-browser-id-5.0.0.tgz"
    },
    "default-browser@5.2.1": {
      "integrity": "sha512-WY/3TUME0x3KPYdRRxEJJvXRHV4PyPoUsxtZa78lwItwRQRHhd2U9xOscaT/YTf8uCXIAjeJOFBVEh/7FtD8Xg==",
      "dependencies": [
        "bundle-name",
        "default-browser-id"
      ],
      "tarball": "https://registry.npmmirror.com/default-browser/-/default-browser-5.2.1.tgz"
    },
    "define-lazy-prop@3.0.0": {
      "integrity": "sha512-N+MeXYoqr3pOgn8xfyRPREN7gHakLYjhsHhWGT3fWAiL4IkAt0iDw14QiiEm2bE30c5XX5q0FtAA3CK5f9/BUg==",
      "tarball": "https://registry.npmmirror.com/define-lazy-prop/-/define-lazy-prop-3.0.0.tgz"
    },
    "is-docker@3.0.0": {
      "integrity": "sha512-eljcgEDlEns/7AXFosB5K/2nCM4P7FQPkGc/DWLy5rmFEWvZayGrik1d9/QIY5nJ4f9YsVvBkA6kJpHn9rISdQ==",
      "bin": true,
      "tarball": "https://registry.npmmirror.com/is-docker/-/is-docker-3.0.0.tgz"
    },
    "is-inside-container@1.0.0": {
      "integrity": "sha512-KIYLCCJghfHZxqjYBE7rEy0OBuTd5xCHS7tHVgvCLkx7StIoaxwNW3hCALgEUjFfeRk+MG/Qxmp/vtETEF3tRA==",
      "dependencies": [
        "is-docker"
      ],
      "bin": true,
      "tarball": "https://registry.npmmirror.com/is-inside-container/-/is-inside-container-1.0.0.tgz"
    },
    "is-wsl@3.1.0": {
      "integrity": "sha512-UcVfVfaK4Sc4m7X3dUSoHoozQGBEFeDC+zVo06t98xe8CzHSZZBekNXH+tu0NalHolcJ/QAGqS46Hef7QXBIMw==",
      "dependencies": [
        "is-inside-container"
      ],
      "tarball": "https://registry.npmmirror.com/is-wsl/-/is-wsl-3.1.0.tgz"
    },
    "open@10.2.0": {
      "integrity": "sha512-YgBpdJHPyQ2UE5x+hlSXcnejzAvD0b22U2OuAP+8OnlJT+PjWPxtgmGqKKc+RgTM63U9gN0YzrYc71R2WT/hTA==",
      "dependencies": [
        "default-browser",
        "define-lazy-prop",
        "is-inside-container",
        "wsl-utils"
      ],
      "tarball": "https://registry.npmmirror.com/open/-/open-10.2.0.tgz"
    },
    "run-applescript@7.1.0": {
      "integrity": "sha512-DPe5pVFaAsinSaV6QjQ6gdiedWDcRCbUuiQfQa2wmWV7+xC9bGulGI8+TdRmoFkAPaBXk8CrAbnlY2ISniJ47Q==",
      "tarball": "https://registry.npmmirror.com/run-applescript/-/run-applescript-7.1.0.tgz"
    },
    "wsl-utils@0.1.0": {
      "integrity": "sha512-h3Fbisa2nKGPxCpm89Hk33lBLsnaGBvctQopaBSOW/uIs6FTe1ATyAnKFJrzVs9vpGdsTe73WF3V4lIsk4Gacw==",
      "dependencies": [
        "is-wsl"
      ],
      "tarball": "https://registry.npmmirror.com/wsl-utils/-/wsl-utils-0.1.0.tgz"
    }
  },
  "workspace": {
    "dependencies": [
      "jsr:@std/datetime@0.225",
      "jsr:@std/fmt@1",
      "npm:open@^10.1.0"
    ]
  }
}
